
Microsoft Visual Studio Solution File, Format Version 12.00
# Visual Studio Version 16
VisualStudioVersion = 16.0.30611.23
MinimumVisualStudioVersion = 15.0.26124.0
Project("{2150E333-8FDC-42A3-9474-1A3956D46DE8}") = "src", "src", "{896CA798-B3B7-4538-928E-9A046C9C5C4A}"
EndProject
Project("{FAE04EC0-301F-11D3-BF4B-00C04F79EFBC}") = "HADEM.Fluent.Db", "src\HADEM.Fluent.Db\HADEM.Fluent.Db.csproj", "{50FA1F6D-8C7D-4E70-96A8-A1610864F82E}"
EndProject
Project("{2150E333-8FDC-42A3-9474-1A3956D46DE8}") = "tests", "tests", "{7C93D07A-CF18-4AD4-970F-D1D862D7DB1B}"
EndProject
Project("{FAE04EC0-301F-11D3-BF4B-00C04F79EFBC}") = "HADEM.Fluent.Db.Test", "tests\HADEM.Fluent.Db.Test\HADEM.Fluent.Db.Test.csproj", "{8A64B932-E7C5-4251-9B21-B41F915ED4E4}"
EndProject
Project("{FAE04EC0-301F-11D3-BF4B-00C04F79EFBC}") = "HADEM.Fluent.Db.Test.Core", "tests\HADEM.Fluent.Db.Test.Core\HADEM.Fluent.Db.Test.Core.csproj", "{004989A0-0FCC-4A85-A87A-5E0B89AA63EE}"
EndProject
Project("{2150E333-8FDC-42A3-9474-1A3956D46DE8}") = "Extentions", "Extentions", "{EE8684ED-11AA-4D0B-9D0C-693149ADE1BD}"
EndProject
Project("{FAE04EC0-301F-11D3-BF4B-00C04F79EFBC}") = "HADEM.Fluent.Db.Dapper", "Extentions\HADEM.Fluent.Db.Dapper\HADEM.Fluent.Db.Dapper.csproj", "{938B0A29-D292-4AE0-A3E9-E7CD07AB8396}"
EndProject
Project("{FAE04EC0-301F-11D3-BF4B-00C04F79EFBC}") = "HADEM.Fluent.Db.Dapper.Test", "Extentions\HADEM.Fluent.Db.Dapper.Test\HADEM.Fluent.Db.Dapper.Test.csproj", "{839F69B4-EE9C-4CA4-B02F-0EE30B4C6B88}"
EndProject
Project("{2150E333-8FDC-42A3-9474-1A3956D46DE8}") = "samples", "samples", "{97C32379-1D46-439E-8065-82B0A59C7A2E}"
EndProject
Project("{FAE04EC0-301F-11D3-BF4B-00C04F79EFBC}") = "Fluent.Db.Dapper", "samples\Fluent.Db.Dapper\Fluent.Db.Dapper.csproj", "{F167DCFD-97A6-426E-B8F9-EEB88D65CA7B}"
EndProject
Global
	GlobalSection(SolutionConfigurationPlatforms) = preSolution
		Debug|Any CPU = Debug|Any CPU
		Debug|x64 = Debug|x64
		Debug|x86 = Debug|x86
		Release|Any CPU = Release|Any CPU
		Release|x64 = Release|x64
		Release|x86 = Release|x86
	EndGlobalSection
	GlobalSection(SolutionProperties) = preSolution
		HideSolutionNode = FALSE
	EndGlobalSection
	GlobalSection(ProjectConfigurationPlatforms) = postSolution
		{50FA1F6D-8C7D-4E70-96A8-A1610864F82E}.Debug|Any CPU.ActiveCfg = Debug|Any CPU
		{50FA1F6D-8C7D-4E70-96A8-A1610864F82E}.Debug|Any CPU.Build.0 = Debug|Any CPU
		{50FA1F6D-8C7D-4E70-96A8-A1610864F82E}.Debug|x64.ActiveCfg = Debug|Any CPU
		{50FA1F6D-8C7D-4E70-96A8-A1610864F82E}.Debug|x64.Build.0 = Debug|Any CPU
		{50FA1F6D-8C7D-4E70-96A8-A1610864F82E}.Debug|x86.ActiveCfg = Debug|Any CPU
		{50FA1F6D-8C7D-4E70-96A8-A1610864F82E}.Debug|x86.Build.0 = Debug|Any CPU
		{50FA1F6D-8C7D-4E70-96A8-A1610864F82E}.Release|Any CPU.ActiveCfg = Release|Any CPU
		{50FA1F6D-8C7D-4E70-96A8-A1610864F82E}.Release|Any CPU.Build.0 = Release|Any CPU
		{50FA1F6D-8C7D-4E70-96A8-A1610864F82E}.Release|x64.ActiveCfg = Release|Any CPU
		{50FA1F6D-8C7D-4E70-96A8-A1610864F82E}.Release|x64.Build.0 = Release|Any CPU
		{50FA1F6D-8C7D-4E70-96A8-A1610864F82E}.Release|x86.ActiveCfg = Release|Any CPU
		{50FA1F6D-8C7D-4E70-96A8-A1610864F82E}.Release|x86.Build.0 = Release|Any CPU
		{8A64B932-E7C5-4251-9B21-B41F915ED4E4}.Debug|Any CPU.ActiveCfg = Debug|Any CPU
		{8A64B932-E7C5-4251-9B21-B41F915ED4E4}.Debug|Any CPU.Build.0 = Debug|Any CPU
		{8A64B932-E7C5-4251-9B21-B41F915ED4E4}.Debug|x64.ActiveCfg = Debug|Any CPU
		{8A64B932-E7C5-4251-9B21-B41F915ED4E4}.Debug|x64.Build.0 = Debug|Any CPU
		{8A64B932-E7C5-4251-9B21-B41F915ED4E4}.Debug|x86.ActiveCfg = Debug|Any CPU
		{8A64B932-E7C5-4251-9B21-B41F915ED4E4}.Debug|x86.Build.0 = Debug|Any CPU
		{8A64B932-E7C5-4251-9B21-B41F915ED4E4}.Release|Any CPU.ActiveCfg = Release|Any CPU
		{8A64B932-E7C5-4251-9B21-B41F915ED4E4}.Release|Any CPU.Build.0 = Release|Any CPU
		{8A64B932-E7C5-4251-9B21-B41F915ED4E4}.Release|x64.ActiveCfg = Release|Any CPU
		{8A64B932-E7C5-4251-9B21-B41F915ED4E4}.Release|x64.Build.0 = Release|Any CPU
		{8A64B932-E7C5-4251-9B21-B41F915ED4E4}.Release|x86.ActiveCfg = Release|Any CPU
		{8A64B932-E7C5-4251-9B21-B41F915ED4E4}.Release|x86.Build.0 = Release|Any CPU
		{004989A0-0FCC-4A85-A87A-5E0B89AA63EE}.Debug|Any CPU.ActiveCfg = Debug|Any CPU
		{004989A0-0FCC-4A85-A87A-5E0B89AA63EE}.Debug|Any CPU.Build.0 = Debug|Any CPU
		{004989A0-0FCC-4A85-A87A-5E0B89AA63EE}.Debug|x64.ActiveCfg = Debug|Any CPU
		{004989A0-0FCC-4A85-A87A-5E0B89AA63EE}.Debug|x64.Build.0 = Debug|Any CPU
		{004989A0-0FCC-4A85-A87A-5E0B89AA63EE}.Debug|x86.ActiveCfg = Debug|Any CPU
		{004989A0-0FCC-4A85-A87A-5E0B89AA63EE}.Debug|x86.Build.0 = Debug|Any CPU
		{004989A0-0FCC-4A85-A87A-5E0B89AA63EE}.Release|Any CPU.ActiveCfg = Release|Any CPU
		{004989A0-0FCC-4A85-A87A-5E0B89AA63EE}.Release|Any CPU.Build.0 = Release|Any CPU
		{004989A0-0FCC-4A85-A87A-5E0B89AA63EE}.Release|x64.ActiveCfg = Release|Any CPU
		{004989A0-0FCC-4A85-A87A-5E0B89AA63EE}.Release|x64.Build.0 = Release|Any CPU
		{004989A0-0FCC-4A85-A87A-5E0B89AA63EE}.Release|x86.ActiveCfg = Release|Any CPU
		{004989A0-0FCC-4A85-A87A-5E0B89AA63EE}.Release|x86.Build.0 = Release|Any CPU
		{938B0A29-D292-4AE0-A3E9-E7CD07AB8396}.Debug|Any CPU.ActiveCfg = Debug|Any CPU
		{938B0A29-D292-4AE0-A3E9-E7CD07AB8396}.Debug|Any CPU.Build.0 = Debug|Any CPU
		{938B0A29-D292-4AE0-A3E9-E7CD07AB8396}.Debug|x64.ActiveCfg = Debug|Any CPU
		{938B0A29-D292-4AE0-A3E9-E7CD07AB8396}.Debug|x64.Build.0 = Debug|Any CPU
		{938B0A29-D292-4AE0-A3E9-E7CD07AB8396}.Debug|x86.ActiveCfg = Debug|Any CPU
		{938B0A29-D292-4AE0-A3E9-E7CD07AB8396}.Debug|x86.Build.0 = Debug|Any CPU
		{938B0A29-D292-4AE0-A3E9-E7CD07AB8396}.Release|Any CPU.ActiveCfg = Release|Any CPU
		{938B0A29-D292-4AE0-A3E9-E7CD07AB8396}.Release|Any CPU.Build.0 = Release|Any CPU
		{938B0A29-D292-4AE0-A3E9-E7CD07AB8396}.Release|x64.ActiveCfg = Release|Any CPU
		{938B0A29-D292-4AE0-A3E9-E7CD07AB8396}.Release|x64.Build.0 = Release|Any CPU
		{938B0A29-D292-4AE0-A3E9-E7CD07AB8396}.Release|x86.ActiveCfg = Release|Any CPU
		{938B0A29-D292-4AE0-A3E9-E7CD07AB8396}.Release|x86.Build.0 = Release|Any CPU
		{839F69B4-EE9C-4CA4-B02F-0EE30B4C6B88}.Debug|Any CPU.ActiveCfg = Debug|Any CPU
		{839F69B4-EE9C-4CA4-B02F-0EE30B4C6B88}.Debug|Any CPU.Build.0 = Debug|Any CPU
		{839F69B4-EE9C-4CA4-B02F-0EE30B4C6B88}.Debug|x64.ActiveCfg = Debug|Any CPU
		{839F69B4-EE9C-4CA4-B02F-0EE30B4C6B88}.Debug|x64.Build.0 = Debug|Any CPU
		{839F69B4-EE9C-4CA4-B02F-0EE30B4C6B88}.Debug|x86.ActiveCfg = Debug|Any CPU
		{839F69B4-EE9C-4CA4-B02F-0EE30B4C6B88}.Debug|x86.Build.0 = Debug|Any CPU
		{839F69B4-EE9C-4CA4-B02F-0EE30B4C6B88}.Release|Any CPU.ActiveCfg = Release|Any CPU
		{839F69B4-EE9C-4CA4-B02F-0EE30B4C6B88}.Release|Any CPU.Build.0 = Release|Any CPU
		{839F69B4-EE9C-4CA4-B02F-0EE30B4C6B88}.Release|x64.ActiveCfg = Release|Any CPU
		{839F69B4-EE9C-4CA4-B02F-0EE30B4C6B88}.Release|x64.Build.0 = Release|Any CPU
		{839F69B4-EE9C-4CA4-B02F-0EE30B4C6B88}.Release|x86.ActiveCfg = Release|Any CPU
		{839F69B4-EE9C-4CA4-B02F-0EE30B4C6B88}.Release|x86.Build.0 = Release|Any CPU
		{F167DCFD-97A6-426E-B8F9-EEB88D65CA7B}.Debug|Any CPU.ActiveCfg = Debug|Any CPU
		{F167DCFD-97A6-426E-B8F9-EEB88D65CA7B}.Debug|Any CPU.Build.0 = Debug|Any CPU
		{F167DCFD-97A6-426E-B8F9-EEB88D65CA7B}.Debug|x64.ActiveCfg = Debug|Any CPU
		{F167DCFD-97A6-426E-B8F9-EEB88D65CA7B}.Debug|x64.Build.0 = Debug|Any CPU
		{F167DCFD-97A6-426E-B8F9-EEB88D65CA7B}.Debug|x86.ActiveCfg = Debug|Any CPU
		{F167DCFD-97A6-426E-B8F9-EEB88D65CA7B}.Debug|x86.Build.0 = Debug|Any CPU
		{F167DCFD-97A6-426E-B8F9-EEB88D65CA7B}.Release|Any CPU.ActiveCfg = Release|Any CPU
		{F167DCFD-97A6-426E-B8F9-EEB88D65CA7B}.Release|Any CPU.Build.0 = Release|Any CPU
		{F167DCFD-97A6-426E-B8F9-EEB88D65CA7B}.Release|x64.ActiveCfg = Release|Any CPU
		{F167DCFD-97A6-426E-B8F9-EEB88D65CA7B}.Release|x64.Build.0 = Release|Any CPU
		{F167DCFD-97A6-426E-B8F9-EEB88D65CA7B}.Release|x86.ActiveCfg = Release|Any CPU
		{F167DCFD-97A6-426E-B8F9-EEB88D65CA7B}.Release|x86.Build.0 = Release|Any CPU
	EndGlobalSection
	GlobalSection(NestedProjects) = preSolution
		{50FA1F6D-8C7D-4E70-96A8-A1610864F82E} = {896CA798-B3B7-4538-928E-9A046C9C5C4A}
		{8A64B932-E7C5-4251-9B21-B41F915ED4E4} = {7C93D07A-CF18-4AD4-970F-D1D862D7DB1B}
		{004989A0-0FCC-4A85-A87A-5E0B89AA63EE} = {7C93D07A-CF18-4AD4-970F-D1D862D7DB1B}
		{938B0A29-D292-4AE0-A3E9-E7CD07AB8396} = {EE8684ED-11AA-4D0B-9D0C-693149ADE1BD}
		{839F69B4-EE9C-4CA4-B02F-0EE30B4C6B88} = {EE8684ED-11AA-4D0B-9D0C-693149ADE1BD}
		{F167DCFD-97A6-426E-B8F9-EEB88D65CA7B} = {97C32379-1D46-439E-8065-82B0A59C7A2E}
	EndGlobalSection
EndGlobal
